
Microsoft Visual Studio Solution File, Format Version 12.00
# Visual Studio 2013
VisualStudioVersion = 12.0.31101.0
MinimumVisualStudioVersion = 10.0.40219.1
Project("{FAE04EC0-301F-11D3-BF4B-00C04F79EFBC}") = "DapperDynamicToJson", "DapperDynamicToJson\DapperDynamicToJson.csproj", "{E2060F0C-93CE-4AC2-A3FB-35DE55F714FE}"
EndProject
Project("{2150E333-8FDC-42A3-9474-1A3956D46DE8}") = ".nuget", ".nuget", "{A8206116-2D18-40E6-A30D-2BF1836DDE68}"
	ProjectSection(SolutionItems) = preProject
		.nuget\NuGet.Config = .nuget\NuGet.Config
		.nuget\NuGet.exe = .nuget\NuGet.exe
		.nuget\NuGet.targets = .nuget\NuGet.targets
	EndProjectSection
EndProject
Global
	GlobalSection(SolutionConfigurationPlatforms) = preSolution
		Debug|Any CPU = Debug|Any CPU
		Release|Any CPU = Release|Any CPU
	EndGlobalSection
	GlobalSection(ProjectConfigurationPlatforms) = postSolution
		{E2060F0C-93CE-4AC2-A3FB-35DE55F714FE}.Debug|Any CPU.ActiveCfg = Debug|Any CPU
		{E2060F0C-93CE-4AC2-A3FB-35DE55F714FE}.Debug|Any CPU.Build.0 = Debug|Any CPU
		{E2060F0C-93CE-4AC2-A3FB-35DE55F714FE}.Release|Any CPU.ActiveCfg = Release|Any CPU
		{E2060F0C-93CE-4AC2-A3FB-35DE55F714FE}.Release|Any CPU.Build.0 = Release|Any CPU
	EndGlobalSection
	GlobalSection(SolutionProperties) = preSolution
		HideSolutionNode = FALSE
	EndGlobalSection
EndGlobal
